
Microsoft Visual Studio Solution File, Format Version 12.00
# Visual Studio 15
VisualStudioVersion = 15.0.26124.0
MinimumVisualStudioVersion = 15.0.26124.0
Project("{FAE04EC0-301F-11D3-BF4B-00C04F79EFBC}") = "PlannerApp.Client", "PlannerApp.Client\PlannerApp.Client.csproj", "{68E1923B-B798-4AB8-8B62-89302D7887D7}"
EndProject
Project("{FAE04EC0-301F-11D3-BF4B-00C04F79EFBC}") = "PlannerApp.Shared", "PlannerApp.Shared\PlannerApp.Shared.csproj", "{1818F421-30DB-4B1E-A065-DFD6DB68684F}"
EndProject
Global
	GlobalSection(SolutionConfigurationPlatforms) = preSolution
		Debug|Any CPU = Debug|Any CPU
		Debug|x64 = Debug|x64
		Debug|x86 = Debug|x86
		Release|Any CPU = Release|Any CPU
		Release|x64 = Release|x64
		Release|x86 = Release|x86
	EndGlobalSection
	GlobalSection(SolutionProperties) = preSolution
		HideSolutionNode = FALSE
	EndGlobalSection
	GlobalSection(ProjectConfigurationPlatforms) = postSolution
		{68E1923B-B798-4AB8-8B62-89302D7887D7}.Debug|Any CPU.ActiveCfg = Debug|Any CPU
		{68E1923B-B798-4AB8-8B62-89302D7887D7}.Debug|Any CPU.Build.0 = Debug|Any CPU
		{68E1923B-B798-4AB8-8B62-89302D7887D7}.Debug|x64.ActiveCfg = Debug|Any CPU
		{68E1923B-B798-4AB8-8B62-89302D7887D7}.Debug|x64.Build.0 = Debug|Any CPU
		{68E1923B-B798-4AB8-8B62-89302D7887D7}.Debug|x86.ActiveCfg = Debug|Any CPU
		{68E1923B-B798-4AB8-8B62-89302D7887D7}.Debug|x86.Build.0 = Debug|Any CPU
		{68E1923B-B798-4AB8-8B62-89302D7887D7}.Release|Any CPU.ActiveCfg = Release|Any CPU
		{68E1923B-B798-4AB8-8B62-89302D7887D7}.Release|Any CPU.Build.0 = Release|Any CPU
		{68E1923B-B798-4AB8-8B62-89302D7887D7}.Release|x64.ActiveCfg = Release|Any CPU
		{68E1923B-B798-4AB8-8B62-89302D7887D7}.Release|x64.Build.0 = Release|Any CPU
		{68E1923B-B798-4AB8-8B62-89302D7887D7}.Release|x86.ActiveCfg = Release|Any CPU
		{68E1923B-B798-4AB8-8B62-89302D7887D7}.Release|x86.Build.0 = Release|Any CPU
		{1818F421-30DB-4B1E-A065-DFD6DB68684F}.Debug|Any CPU.ActiveCfg = Debug|Any CPU
		{1818F421-30DB-4B1E-A065-DFD6DB68684F}.Debug|Any CPU.Build.0 = Debug|Any CPU
		{1818F421-30DB-4B1E-A065-DFD6DB68684F}.Debug|x64.ActiveCfg = Debug|Any CPU
		{1818F421-30DB-4B1E-A065-DFD6DB68684F}.Debug|x64.Build.0 = Debug|Any CPU
		{1818F421-30DB-4B1E-A065-DFD6DB68684F}.Debug|x86.ActiveCfg = Debug|Any CPU
		{1818F421-30DB-4B1E-A065-DFD6DB68684F}.Debug|x86.Build.0 = Debug|Any CPU
		{1818F421-30DB-4B1E-A065-DFD6DB68684F}.Release|Any CPU.ActiveCfg = Release|Any CPU
		{1818F421-30DB-4B1E-A065-DFD6DB68684F}.Release|Any CPU.Build.0 = Release|Any CPU
		{1818F421-30DB-4B1E-A065-DFD6DB68684F}.Release|x64.ActiveCfg = Release|Any CPU
		{1818F421-30DB-4B1E-A065-DFD6DB68684F}.Release|x64.Build.0 = Release|Any CPU
		{1818F421-30DB-4B1E-A065-DFD6DB68684F}.Release|x86.ActiveCfg = Release|Any CPU
		{1818F421-30DB-4B1E-A065-DFD6DB68684F}.Release|x86.Build.0 = Release|Any CPU
	EndGlobalSection
EndGlobal
